
Microsoft Visual Studio Solution File, Format Version 12.00
# Visual Studio Version 17
VisualStudioVersion = 17.14.36109.1 d17.14
MinimumVisualStudioVersion = 10.0.40219.1
Project("{2150E333-8FDC-42A3-9474-1A3956D46DE8}") = "src", "src", "{722CA6F6-A62A-47D9-8459-A398B5CD2A15}"
EndProject
Project("{2150E333-8FDC-42A3-9474-1A3956D46DE8}") = "Services", "Services", "{2BA12A1D-014D-4563-B6F1-CD25DB2F8832}"
EndProject
Project("{2150E333-8FDC-42A3-9474-1A3956D46DE8}") = "Shared", "Shared", "{D7989B5F-957F-4FAA-9A5E-FF41817A60AA}"
EndProject
Project("{FAE04EC0-301F-11D3-BF4B-00C04F79EFBC}") = "Shared", "src\Shared\Shared\Shared.csproj", "{1DF5EBAB-B0B0-4A70-A6D1-5E112B7B6C1B}"
EndProject
Project("{FAE04EC0-301F-11D3-BF4B-00C04F79EFBC}") = "Shared.EF", "src\Shared\Shared.EF\Shared.EF.csproj", "{D1EC2785-D6BF-40C3-B682-1BC4618FD021}"
EndProject
Project("{2150E333-8FDC-42A3-9474-1A3956D46DE8}") = "Order", "Order", "{3641A657-EC2E-41C6-A771-07C7E91EF91C}"
EndProject
Project("{FAE04EC0-301F-11D3-BF4B-00C04F79EFBC}") = "Order.Api", "src\Services\Order\Order.Api\Order.Api.csproj", "{326BC826-61B5-402A-88CB-B98608C741ED}"
EndProject
Project("{FAE04EC0-301F-11D3-BF4B-00C04F79EFBC}") = "Order.Domain", "src\Services\Order\Order.Domain\Order.Domain.csproj", "{B376866F-C5B0-4C95-A643-80503A2A0F49}"
EndProject
Project("{FAE04EC0-301F-11D3-BF4B-00C04F79EFBC}") = "Order.Application", "src\Services\Order\Order.Application\Order.Application.csproj", "{6737D9BB-5F52-4EAC-B14C-545347D524B8}"
EndProject
Project("{FAE04EC0-301F-11D3-BF4B-00C04F79EFBC}") = "Order.Infrastructure", "src\Services\Order\Order.Infrastructure\Order.Infrastructure.csproj", "{20E1B2AB-D439-4602-87AF-EEDECD5AE8FA}"
EndProject
Project("{2150E333-8FDC-42A3-9474-1A3956D46DE8}") = "Notification", "Notification", "{02EA681E-C7D8-13C7-8484-4AC65E1B71E8}"
EndProject
Project("{FAE04EC0-301F-11D3-BF4B-00C04F79EFBC}") = "Notification.Api", "src\Services\Notification\Notification.Api\Notification.Api.csproj", "{DF6636EC-FB9B-486D-AA39-C68D19ABDDB2}"
EndProject
Global
	GlobalSection(SolutionConfigurationPlatforms) = preSolution
		Debug|Any CPU = Debug|Any CPU
		Release|Any CPU = Release|Any CPU
	EndGlobalSection
	GlobalSection(ProjectConfigurationPlatforms) = postSolution
		{1DF5EBAB-B0B0-4A70-A6D1-5E112B7B6C1B}.Debug|Any CPU.ActiveCfg = Debug|Any CPU
		{1DF5EBAB-B0B0-4A70-A6D1-5E112B7B6C1B}.Debug|Any CPU.Build.0 = Debug|Any CPU
		{1DF5EBAB-B0B0-4A70-A6D1-5E112B7B6C1B}.Release|Any CPU.ActiveCfg = Release|Any CPU
		{1DF5EBAB-B0B0-4A70-A6D1-5E112B7B6C1B}.Release|Any CPU.Build.0 = Release|Any CPU
		{D1EC2785-D6BF-40C3-B682-1BC4618FD021}.Debug|Any CPU.ActiveCfg = Debug|Any CPU
		{D1EC2785-D6BF-40C3-B682-1BC4618FD021}.Debug|Any CPU.Build.0 = Debug|Any CPU
		{D1EC2785-D6BF-40C3-B682-1BC4618FD021}.Release|Any CPU.ActiveCfg = Release|Any CPU
		{D1EC2785-D6BF-40C3-B682-1BC4618FD021}.Release|Any CPU.Build.0 = Release|Any CPU
		{326BC826-61B5-402A-88CB-B98608C741ED}.Debug|Any CPU.ActiveCfg = Debug|Any CPU
		{326BC826-61B5-402A-88CB-B98608C741ED}.Debug|Any CPU.Build.0 = Debug|Any CPU
		{326BC826-61B5-402A-88CB-B98608C741ED}.Release|Any CPU.ActiveCfg = Release|Any CPU
		{326BC826-61B5-402A-88CB-B98608C741ED}.Release|Any CPU.Build.0 = Release|Any CPU
		{B376866F-C5B0-4C95-A643-80503A2A0F49}.Debug|Any CPU.ActiveCfg = Debug|Any CPU
		{B376866F-C5B0-4C95-A643-80503A2A0F49}.Debug|Any CPU.Build.0 = Debug|Any CPU
		{B376866F-C5B0-4C95-A643-80503A2A0F49}.Release|Any CPU.ActiveCfg = Release|Any CPU
		{B376866F-C5B0-4C95-A643-80503A2A0F49}.Release|Any CPU.Build.0 = Release|Any CPU
		{6737D9BB-5F52-4EAC-B14C-545347D524B8}.Debug|Any CPU.ActiveCfg = Debug|Any CPU
		{6737D9BB-5F52-4EAC-B14C-545347D524B8}.Debug|Any CPU.Build.0 = Debug|Any CPU
		{6737D9BB-5F52-4EAC-B14C-545347D524B8}.Release|Any CPU.ActiveCfg = Release|Any CPU
		{6737D9BB-5F52-4EAC-B14C-545347D524B8}.Release|Any CPU.Build.0 = Release|Any CPU
		{20E1B2AB-D439-4602-87AF-EEDECD5AE8FA}.Debug|Any CPU.ActiveCfg = Debug|Any CPU
		{20E1B2AB-D439-4602-87AF-EEDECD5AE8FA}.Debug|Any CPU.Build.0 = Debug|Any CPU
		{20E1B2AB-D439-4602-87AF-EEDECD5AE8FA}.Release|Any CPU.ActiveCfg = Release|Any CPU
		{20E1B2AB-D439-4602-87AF-EEDECD5AE8FA}.Release|Any CPU.Build.0 = Release|Any CPU
		{DF6636EC-FB9B-486D-AA39-C68D19ABDDB2}.Debug|Any CPU.ActiveCfg = Debug|Any CPU
		{DF6636EC-FB9B-486D-AA39-C68D19ABDDB2}.Debug|Any CPU.Build.0 = Debug|Any CPU
		{DF6636EC-FB9B-486D-AA39-C68D19ABDDB2}.Release|Any CPU.ActiveCfg = Release|Any CPU
		{DF6636EC-FB9B-486D-AA39-C68D19ABDDB2}.Release|Any CPU.Build.0 = Release|Any CPU
	EndGlobalSection
	GlobalSection(SolutionProperties) = preSolution
		HideSolutionNode = FALSE
	EndGlobalSection
	GlobalSection(NestedProjects) = preSolution
		{2BA12A1D-014D-4563-B6F1-CD25DB2F8832} = {722CA6F6-A62A-47D9-8459-A398B5CD2A15}
		{D7989B5F-957F-4FAA-9A5E-FF41817A60AA} = {722CA6F6-A62A-47D9-8459-A398B5CD2A15}
		{1DF5EBAB-B0B0-4A70-A6D1-5E112B7B6C1B} = {D7989B5F-957F-4FAA-9A5E-FF41817A60AA}
		{D1EC2785-D6BF-40C3-B682-1BC4618FD021} = {D7989B5F-957F-4FAA-9A5E-FF41817A60AA}
		{3641A657-EC2E-41C6-A771-07C7E91EF91C} = {2BA12A1D-014D-4563-B6F1-CD25DB2F8832}
		{326BC826-61B5-402A-88CB-B98608C741ED} = {3641A657-EC2E-41C6-A771-07C7E91EF91C}
		{B376866F-C5B0-4C95-A643-80503A2A0F49} = {3641A657-EC2E-41C6-A771-07C7E91EF91C}
		{6737D9BB-5F52-4EAC-B14C-545347D524B8} = {3641A657-EC2E-41C6-A771-07C7E91EF91C}
		{20E1B2AB-D439-4602-87AF-EEDECD5AE8FA} = {3641A657-EC2E-41C6-A771-07C7E91EF91C}
		{02EA681E-C7D8-13C7-8484-4AC65E1B71E8} = {2BA12A1D-014D-4563-B6F1-CD25DB2F8832}
		{DF6636EC-FB9B-486D-AA39-C68D19ABDDB2} = {02EA681E-C7D8-13C7-8484-4AC65E1B71E8}
	EndGlobalSection
	GlobalSection(ExtensibilityGlobals) = postSolution
		SolutionGuid = {80522665-9AC2-4455-A23F-6087A65F778E}
	EndGlobalSection
EndGlobal
